
Microsoft Visual Studio Solution File, Format Version 10.00
# Visual Studio 2008
Project("{FAE04EC0-301F-11D3-BF4B-00C04F79EFBC}") = "SharpLife", "SharpLife\SharpLife.csproj", "{3EB4926A-7558-45A3-9B98-7D141F095220}"
EndProject
Project("{FAE04EC0-301F-11D3-BF4B-00C04F79EFBC}") = "SharpLifeConsole", "SharpLifeConsole\SharpLifeConsole.csproj", "{0018BD8B-94E8-4B4A-86C5-72C5C3EDB474}"
EndProject
Project("{FAE04EC0-301F-11D3-BF4B-00C04F79EFBC}") = "SimEngine", "SimEngine\SimEngine.csproj", "{FA7A38D4-48C3-4FBE-AB9B-B5C310B99141}"
EndProject
Project("{2150E333-8FDC-42A3-9474-1A3956D46DE8}") = "Documentation", "Documentation", "{62C5F4D4-17DB-4EB1-A1CB-ED3FDC656FE9}"
	ProjectSection(SolutionItems) = preProject
		Documentation\readme.txt = Documentation\readme.txt
		Documentation\todo.txt = Documentation\todo.txt
	EndProjectSection
EndProject
Project("{2150E333-8FDC-42A3-9474-1A3956D46DE8}") = "Patterns", "Patterns", "{A4A72C68-C0F6-41C6-AF32-C239AC4DF4AE}"
	ProjectSection(SolutionItems) = preProject
		Patterns\brokenline1.rle = Patterns\brokenline1.rle
		Patterns\die658.rle = Patterns\die658.rle
		Patterns\lightspeed.rle = Patterns\lightspeed.rle
		Patterns\ooo.rle = Patterns\ooo.rle
		Patterns\square.rle = Patterns\square.rle
	EndProjectSection
EndProject
Project("{FAE04EC0-301F-11D3-BF4B-00C04F79EFBC}") = "SpeedTestConsole", "SpeedTestConsole\SpeedTestConsole.csproj", "{4F298DE6-322B-46B1-ABDA-EFE6A9EFEFDF}"
EndProject
Project("{FAE04EC0-301F-11D3-BF4B-00C04F79EFBC}") = "Utility", "Utility\Utility.csproj", "{29F961F8-A9FA-4E6E-A509-9D71356F53BE}"
EndProject
Global
	GlobalSection(SolutionConfigurationPlatforms) = preSolution
		Debug|Any CPU = Debug|Any CPU
		Debug|Mixed Platforms = Debug|Mixed Platforms
		Debug|x86 = Debug|x86
		Release|Any CPU = Release|Any CPU
		Release|Mixed Platforms = Release|Mixed Platforms
		Release|x86 = Release|x86
	EndGlobalSection
	GlobalSection(ProjectConfigurationPlatforms) = postSolution
		{3EB4926A-7558-45A3-9B98-7D141F095220}.Debug|Any CPU.ActiveCfg = Debug|x86
		{3EB4926A-7558-45A3-9B98-7D141F095220}.Debug|Mixed Platforms.ActiveCfg = Debug|x86
		{3EB4926A-7558-45A3-9B98-7D141F095220}.Debug|Mixed Platforms.Build.0 = Debug|x86
		{3EB4926A-7558-45A3-9B98-7D141F095220}.Debug|x86.ActiveCfg = Debug|x86
		{3EB4926A-7558-45A3-9B98-7D141F095220}.Debug|x86.Build.0 = Debug|x86
		{3EB4926A-7558-45A3-9B98-7D141F095220}.Release|Any CPU.ActiveCfg = Release|x86
		{3EB4926A-7558-45A3-9B98-7D141F095220}.Release|Mixed Platforms.ActiveCfg = Release|x86
		{3EB4926A-7558-45A3-9B98-7D141F095220}.Release|Mixed Platforms.Build.0 = Release|x86
		{3EB4926A-7558-45A3-9B98-7D141F095220}.Release|x86.ActiveCfg = Release|x86
		{3EB4926A-7558-45A3-9B98-7D141F095220}.Release|x86.Build.0 = Release|x86
		{0018BD8B-94E8-4B4A-86C5-72C5C3EDB474}.Debug|Any CPU.ActiveCfg = Debug|x86
		{0018BD8B-94E8-4B4A-86C5-72C5C3EDB474}.Debug|Mixed Platforms.ActiveCfg = Debug|x86
		{0018BD8B-94E8-4B4A-86C5-72C5C3EDB474}.Debug|Mixed Platforms.Build.0 = Debug|x86
		{0018BD8B-94E8-4B4A-86C5-72C5C3EDB474}.Debug|x86.ActiveCfg = Debug|x86
		{0018BD8B-94E8-4B4A-86C5-72C5C3EDB474}.Debug|x86.Build.0 = Debug|x86
		{0018BD8B-94E8-4B4A-86C5-72C5C3EDB474}.Release|Any CPU.ActiveCfg = Release|x86
		{0018BD8B-94E8-4B4A-86C5-72C5C3EDB474}.Release|Mixed Platforms.ActiveCfg = Release|x86
		{0018BD8B-94E8-4B4A-86C5-72C5C3EDB474}.Release|Mixed Platforms.Build.0 = Release|x86
		{0018BD8B-94E8-4B4A-86C5-72C5C3EDB474}.Release|x86.ActiveCfg = Release|x86
		{0018BD8B-94E8-4B4A-86C5-72C5C3EDB474}.Release|x86.Build.0 = Release|x86
		{FA7A38D4-48C3-4FBE-AB9B-B5C310B99141}.Debug|Any CPU.ActiveCfg = Debug|Any CPU
		{FA7A38D4-48C3-4FBE-AB9B-B5C310B99141}.Debug|Any CPU.Build.0 = Debug|Any CPU
		{FA7A38D4-48C3-4FBE-AB9B-B5C310B99141}.Debug|Mixed Platforms.ActiveCfg = Debug|Any CPU
		{FA7A38D4-48C3-4FBE-AB9B-B5C310B99141}.Debug|Mixed Platforms.Build.0 = Debug|Any CPU
		{FA7A38D4-48C3-4FBE-AB9B-B5C310B99141}.Debug|x86.ActiveCfg = Debug|Any CPU
		{FA7A38D4-48C3-4FBE-AB9B-B5C310B99141}.Release|Any CPU.ActiveCfg = Release|Any CPU
		{FA7A38D4-48C3-4FBE-AB9B-B5C310B99141}.Release|Any CPU.Build.0 = Release|Any CPU
		{FA7A38D4-48C3-4FBE-AB9B-B5C310B99141}.Release|Mixed Platforms.ActiveCfg = Release|Any CPU
		{FA7A38D4-48C3-4FBE-AB9B-B5C310B99141}.Release|Mixed Platforms.Build.0 = Release|Any CPU
		{FA7A38D4-48C3-4FBE-AB9B-B5C310B99141}.Release|x86.ActiveCfg = Release|Any CPU
		{4F298DE6-322B-46B1-ABDA-EFE6A9EFEFDF}.Debug|Any CPU.ActiveCfg = Debug|Any CPU
		{4F298DE6-322B-46B1-ABDA-EFE6A9EFEFDF}.Debug|Any CPU.Build.0 = Debug|Any CPU
		{4F298DE6-322B-46B1-ABDA-EFE6A9EFEFDF}.Debug|Mixed Platforms.ActiveCfg = Debug|Any CPU
		{4F298DE6-322B-46B1-ABDA-EFE6A9EFEFDF}.Debug|Mixed Platforms.Build.0 = Debug|Any CPU
		{4F298DE6-322B-46B1-ABDA-EFE6A9EFEFDF}.Debug|x86.ActiveCfg = Debug|Any CPU
		{4F298DE6-322B-46B1-ABDA-EFE6A9EFEFDF}.Release|Any CPU.ActiveCfg = Release|Any CPU
		{4F298DE6-322B-46B1-ABDA-EFE6A9EFEFDF}.Release|Any CPU.Build.0 = Release|Any CPU
		{4F298DE6-322B-46B1-ABDA-EFE6A9EFEFDF}.Release|Mixed Platforms.ActiveCfg = Release|Any CPU
		{4F298DE6-322B-46B1-ABDA-EFE6A9EFEFDF}.Release|Mixed Platforms.Build.0 = Release|Any CPU
		{4F298DE6-322B-46B1-ABDA-EFE6A9EFEFDF}.Release|x86.ActiveCfg = Release|Any CPU
		{29F961F8-A9FA-4E6E-A509-9D71356F53BE}.Debug|Any CPU.ActiveCfg = Debug|Any CPU
		{29F961F8-A9FA-4E6E-A509-9D71356F53BE}.Debug|Any CPU.Build.0 = Debug|Any CPU
		{29F961F8-A9FA-4E6E-A509-9D71356F53BE}.Debug|Mixed Platforms.ActiveCfg = Debug|Any CPU
		{29F961F8-A9FA-4E6E-A509-9D71356F53BE}.Debug|Mixed Platforms.Build.0 = Debug|Any CPU
		{29F961F8-A9FA-4E6E-A509-9D71356F53BE}.Debug|x86.ActiveCfg = Debug|Any CPU
		{29F961F8-A9FA-4E6E-A509-9D71356F53BE}.Release|Any CPU.ActiveCfg = Release|Any CPU
		{29F961F8-A9FA-4E6E-A509-9D71356F53BE}.Release|Any CPU.Build.0 = Release|Any CPU
		{29F961F8-A9FA-4E6E-A509-9D71356F53BE}.Release|Mixed Platforms.ActiveCfg = Release|Any CPU
		{29F961F8-A9FA-4E6E-A509-9D71356F53BE}.Release|Mixed Platforms.Build.0 = Release|Any CPU
		{29F961F8-A9FA-4E6E-A509-9D71356F53BE}.Release|x86.ActiveCfg = Release|Any CPU
	EndGlobalSection
	GlobalSection(SolutionProperties) = preSolution
		HideSolutionNode = FALSE
	EndGlobalSection
EndGlobal
